
Microsoft Visual Studio Solution File, Format Version 12.00
# Visual Studio 15
VisualStudioVersion = 15.0.28307.271
MinimumVisualStudioVersion = 10.0.40219.1
Project("{FAE04EC0-301F-11D3-BF4B-00C04F79EFBC}") = "Scraper", "Scrapper\Scraper.csproj", "{A7B138A5-E4FD-4AC8-B462-CFE28F0F3D2A}"
EndProject
Project("{FAE04EC0-301F-11D3-BF4B-00C04F79EFBC}") = "WebColletctions", "WebColletctions\WebColletctions.csproj", "{B8DC5B03-2C82-4EE7-9D58-EBC5AC84A911}"
EndProject
Project("{FAE04EC0-301F-11D3-BF4B-00C04F79EFBC}") = "Scraper.UnitTest", "Scraper.UnitTest\Scraper.UnitTest.csproj", "{64E0DBE6-ACE1-43D2-8BFC-72497A99D421}"
EndProject
Project("{FAE04EC0-301F-11D3-BF4B-00C04F79EFBC}") = "AliScraperConsole", "AliScraperConsole\AliScraperConsole.csproj", "{BDE412AC-A6E7-4584-94BE-0CECC3C4C6BA}"
EndProject
Project("{FAE04EC0-301F-11D3-BF4B-00C04F79EFBC}") = "AliScraperWindowsForms", "AliScraperWindowsForms\AliScraperWindowsForms.csproj", "{72B9BD3A-0E57-4EEF-B074-4E10C178EACD}"
EndProject
Global
	GlobalSection(SolutionConfigurationPlatforms) = preSolution
		Debug|Any CPU = Debug|Any CPU
		Release|Any CPU = Release|Any CPU
	EndGlobalSection
	GlobalSection(ProjectConfigurationPlatforms) = postSolution
		{A7B138A5-E4FD-4AC8-B462-CFE28F0F3D2A}.Debug|Any CPU.ActiveCfg = Debug|Any CPU
		{A7B138A5-E4FD-4AC8-B462-CFE28F0F3D2A}.Debug|Any CPU.Build.0 = Debug|Any CPU
		{A7B138A5-E4FD-4AC8-B462-CFE28F0F3D2A}.Release|Any CPU.ActiveCfg = Release|Any CPU
		{A7B138A5-E4FD-4AC8-B462-CFE28F0F3D2A}.Release|Any CPU.Build.0 = Release|Any CPU
		{B8DC5B03-2C82-4EE7-9D58-EBC5AC84A911}.Debug|Any CPU.ActiveCfg = Debug|Any CPU
		{B8DC5B03-2C82-4EE7-9D58-EBC5AC84A911}.Debug|Any CPU.Build.0 = Debug|Any CPU
		{B8DC5B03-2C82-4EE7-9D58-EBC5AC84A911}.Release|Any CPU.ActiveCfg = Release|Any CPU
		{B8DC5B03-2C82-4EE7-9D58-EBC5AC84A911}.Release|Any CPU.Build.0 = Release|Any CPU
		{64E0DBE6-ACE1-43D2-8BFC-72497A99D421}.Debug|Any CPU.ActiveCfg = Debug|Any CPU
		{64E0DBE6-ACE1-43D2-8BFC-72497A99D421}.Debug|Any CPU.Build.0 = Debug|Any CPU
		{64E0DBE6-ACE1-43D2-8BFC-72497A99D421}.Release|Any CPU.ActiveCfg = Release|Any CPU
		{64E0DBE6-ACE1-43D2-8BFC-72497A99D421}.Release|Any CPU.Build.0 = Release|Any CPU
		{BDE412AC-A6E7-4584-94BE-0CECC3C4C6BA}.Debug|Any CPU.ActiveCfg = Debug|Any CPU
		{BDE412AC-A6E7-4584-94BE-0CECC3C4C6BA}.Debug|Any CPU.Build.0 = Debug|Any CPU
		{BDE412AC-A6E7-4584-94BE-0CECC3C4C6BA}.Release|Any CPU.ActiveCfg = Release|Any CPU
		{BDE412AC-A6E7-4584-94BE-0CECC3C4C6BA}.Release|Any CPU.Build.0 = Release|Any CPU
		{72B9BD3A-0E57-4EEF-B074-4E10C178EACD}.Debug|Any CPU.ActiveCfg = Debug|Any CPU
		{72B9BD3A-0E57-4EEF-B074-4E10C178EACD}.Debug|Any CPU.Build.0 = Debug|Any CPU
		{72B9BD3A-0E57-4EEF-B074-4E10C178EACD}.Release|Any CPU.ActiveCfg = Release|Any CPU
		{72B9BD3A-0E57-4EEF-B074-4E10C178EACD}.Release|Any CPU.Build.0 = Release|Any CPU
	EndGlobalSection
	GlobalSection(SolutionProperties) = preSolution
		HideSolutionNode = FALSE
	EndGlobalSection
	GlobalSection(ExtensibilityGlobals) = postSolution
		SolutionGuid = {E9A1986C-9E53-4657-9530-D9DEA1938720}
	EndGlobalSection
EndGlobal
